{
  "name": "stackblitz-starters-5efccb",
  "lockfileVersion": 2,
  "requires": true,
  "packages": {
    "": {
      "dependencies": {
        "ag-grid-community": "^32.1.0",
        "dayjs": "^1.11.13",
        "numeral": "^2.0.6",
        "servor": "^4.0.2"
      }
    },
    "node_modules/ag-charts-types": {
      "version": "10.1.0",
      "resolved": "https://registry.npmjs.org/ag-charts-types/-/ag-charts-types-10.1.0.tgz",
      "integrity": "sha512-pk9ft8hbgTXJ/thI/SEUR1BoauNplYExpcHh7tMOqVikoDsta1O15TB1ZL4XWnl4TPIzROBmONKsz7d8a2HBuQ=="
    },
    "node_modules/ag-grid-community": {
      "version": "32.1.0",
      "resolved": "https://registry.npmjs.org/ag-grid-community/-/ag-grid-community-32.1.0.tgz",
      "integrity": "sha512-RVvkjRH61nuCXwIqTKQPqNbKR+8cGBKw7S1qmmMXsy0pCBAJaQn4kL3v31hKHxDtV4bPscBXLFKGnKzHuss0GQ==",
      "dependencies": {
        "ag-charts-types": "10.1.0"
      }
    },
    "node_modules/dayjs": {
      "version": "1.11.13",
      "resolved": "https://registry.npmjs.org/dayjs/-/dayjs-1.11.13.tgz",
      "integrity": "sha512-oaMBel6gjolK862uaPQOVTA7q3TZhuSvuMQAAglQDOWYO9A91IrAOUJEyKVlqJlHE0vq5p5UXxzdPfMH/x6xNg=="
    },
    "node_modules/numeral": {
      "version": "2.0.6",
      "resolved": "https://registry.npmjs.org/numeral/-/numeral-2.0.6.tgz",
      "integrity": "sha512-qaKRmtYPZ5qdw4jWJD6bxEf1FJEqllJrwxCLIm0sQU/A7v2/czigzOb+C2uSiFsa9lBUzeH7M1oK+Q+OLxL3kA==",
      "engines": {
        "node": "*"
      }
    },
    "node_modules/servor": {
      "version": "4.0.2",
      "resolved": "https://registry.npmjs.org/servor/-/servor-4.0.2.tgz",
      "integrity": "sha512-MlmQ5Ntv4jDYUN060x/KEmN7emvIqKMZ9OkM+nY8Bf2+KkyLmGsTqWLyAN2cZr5oESAcH00UanUyyrlS1LRjFw==",
      "bin": {
        "servor": "cli.js"
      }
    }
  },
  "dependencies": {
    "ag-charts-types": {
      "version": "10.1.0",
      "resolved": "https://registry.npmjs.org/ag-charts-types/-/ag-charts-types-10.1.0.tgz",
      "integrity": "sha512-pk9ft8hbgTXJ/thI/SEUR1BoauNplYExpcHh7tMOqVikoDsta1O15TB1ZL4XWnl4TPIzROBmONKsz7d8a2HBuQ=="
    },
    "ag-grid-community": {
      "version": "32.1.0",
      "resolved": "https://registry.npmjs.org/ag-grid-community/-/ag-grid-community-32.1.0.tgz",
      "integrity": "sha512-RVvkjRH61nuCXwIqTKQPqNbKR+8cGBKw7S1qmmMXsy0pCBAJaQn4kL3v31hKHxDtV4bPscBXLFKGnKzHuss0GQ==",
      "requires": {
        "ag-charts-types": "10.1.0"
      }
    },
    "dayjs": {
      "version": "1.11.13",
      "resolved": "https://registry.npmjs.org/dayjs/-/dayjs-1.11.13.tgz",
      "integrity": "sha512-oaMBel6gjolK862uaPQOVTA7q3TZhuSvuMQAAglQDOWYO9A91IrAOUJEyKVlqJlHE0vq5p5UXxzdPfMH/x6xNg=="
    },
    "numeral": {
      "version": "2.0.6",
      "resolved": "https://registry.npmjs.org/numeral/-/numeral-2.0.6.tgz",
      "integrity": "sha512-qaKRmtYPZ5qdw4jWJD6bxEf1FJEqllJrwxCLIm0sQU/A7v2/czigzOb+C2uSiFsa9lBUzeH7M1oK+Q+OLxL3kA=="
    },
    "servor": {
      "version": "4.0.2",
      "resolved": "https://registry.npmjs.org/servor/-/servor-4.0.2.tgz",
      "integrity": "sha512-MlmQ5Ntv4jDYUN060x/KEmN7emvIqKMZ9OkM+nY8Bf2+KkyLmGsTqWLyAN2cZr5oESAcH00UanUyyrlS1LRjFw=="
    }
  }
}
